
Microsoft Visual Studio Solution File, Format Version 12.00
# Visual Studio Version 17
VisualStudioVersion = 17.0.31903.59
MinimumVisualStudioVersion = 10.0.40219.1
Project("{9A19103F-16F7-4668-BE54-9A1E7A4F7556}") = "ScreenSound", "ScreenSound\ScreenSound.csproj", "{A9CCE41C-6657-42BF-AED4-F3F578033037}"
EndProject
Project("{FAE04EC0-301F-11D3-BF4B-00C04F79EFBC}") = "ScreenSound.API", "ScreenSound.API\ScreenSound.API.csproj", "{E846C3A7-2710-4402-9D5B-6BBF60A954DB}"
EndProject
Project("{FAE04EC0-301F-11D3-BF4B-00C04F79EFBC}") = "ScreenSound.Shared.Modelos", "ScreenSound.Shared.Modelos\ScreenSound.Shared.Modelos.csproj", "{A1BE3D2E-5592-410F-B0F9-688B994AAF1E}"
EndProject
Project("{FAE04EC0-301F-11D3-BF4B-00C04F79EFBC}") = "ScreenSound.Shared.Persistencia", "ScreenSound.Shared.Persistencia\ScreenSound.Shared.Persistencia.csproj", "{7BD68913-3949-4277-9F31-1E986CC80831}"
EndProject
Global
	GlobalSection(SolutionConfigurationPlatforms) = preSolution
		Debug|Any CPU = Debug|Any CPU
		Release|Any CPU = Release|Any CPU
	EndGlobalSection
	GlobalSection(ProjectConfigurationPlatforms) = postSolution
		{A9CCE41C-6657-42BF-AED4-F3F578033037}.Debug|Any CPU.ActiveCfg = Debug|Any CPU
		{A9CCE41C-6657-42BF-AED4-F3F578033037}.Debug|Any CPU.Build.0 = Debug|Any CPU
		{A9CCE41C-6657-42BF-AED4-F3F578033037}.Release|Any CPU.ActiveCfg = Release|Any CPU
		{A9CCE41C-6657-42BF-AED4-F3F578033037}.Release|Any CPU.Build.0 = Release|Any CPU
		{E846C3A7-2710-4402-9D5B-6BBF60A954DB}.Debug|Any CPU.ActiveCfg = Debug|Any CPU
		{E846C3A7-2710-4402-9D5B-6BBF60A954DB}.Debug|Any CPU.Build.0 = Debug|Any CPU
		{E846C3A7-2710-4402-9D5B-6BBF60A954DB}.Release|Any CPU.ActiveCfg = Release|Any CPU
		{E846C3A7-2710-4402-9D5B-6BBF60A954DB}.Release|Any CPU.Build.0 = Release|Any CPU
		{A1BE3D2E-5592-410F-B0F9-688B994AAF1E}.Debug|Any CPU.ActiveCfg = Debug|Any CPU
		{A1BE3D2E-5592-410F-B0F9-688B994AAF1E}.Debug|Any CPU.Build.0 = Debug|Any CPU
		{A1BE3D2E-5592-410F-B0F9-688B994AAF1E}.Release|Any CPU.ActiveCfg = Release|Any CPU
		{A1BE3D2E-5592-410F-B0F9-688B994AAF1E}.Release|Any CPU.Build.0 = Release|Any CPU
		{7BD68913-3949-4277-9F31-1E986CC80831}.Debug|Any CPU.ActiveCfg = Debug|Any CPU
		{7BD68913-3949-4277-9F31-1E986CC80831}.Debug|Any CPU.Build.0 = Debug|Any CPU
		{7BD68913-3949-4277-9F31-1E986CC80831}.Release|Any CPU.ActiveCfg = Release|Any CPU
		{7BD68913-3949-4277-9F31-1E986CC80831}.Release|Any CPU.Build.0 = Release|Any CPU
	EndGlobalSection
	GlobalSection(SolutionProperties) = preSolution
		HideSolutionNode = FALSE
	EndGlobalSection
	GlobalSection(ExtensibilityGlobals) = postSolution
		SolutionGuid = {5AEB04AD-6345-4523-993B-E7B4C4BE0240}
	EndGlobalSection
EndGlobal
